
Microsoft Visual Studio Solution File, Format Version 12.00
# Visual Studio Version 17
VisualStudioVersion = 17.7.34031.279
MinimumVisualStudioVersion = 10.0.40219.1
Project("{9A19103F-16F7-4668-BE54-9A1E7A4F7556}") = "ChestChance", "ChestChance.csproj", "{A99EC0BB-1399-4ADE-A25B-879E310DE1FE}"
EndProject
Global
	GlobalSection(SolutionConfigurationPlatforms) = preSolution
		Debug|Any CPU = Debug|Any CPU
		Release|Any CPU = Release|Any CPU
	EndGlobalSection
	GlobalSection(ProjectConfigurationPlatforms) = postSolution
		{A99EC0BB-1399-4ADE-A25B-879E310DE1FE}.Debug|Any CPU.ActiveCfg = Debug|Any CPU
		{A99EC0BB-1399-4ADE-A25B-879E310DE1FE}.Debug|Any CPU.Build.0 = Debug|Any CPU
		{A99EC0BB-1399-4ADE-A25B-879E310DE1FE}.Release|Any CPU.ActiveCfg = Release|Any CPU
		{A99EC0BB-1399-4ADE-A25B-879E310DE1FE}.Release|Any CPU.Build.0 = Release|Any CPU
	EndGlobalSection
	GlobalSection(SolutionProperties) = preSolution
		HideSolutionNode = FALSE
	EndGlobalSection
	GlobalSection(ExtensibilityGlobals) = postSolution
		SolutionGuid = {09430D40-58E2-4452-B08A-D2FD587A78C1}
	EndGlobalSection
EndGlobal
